// !$*UTF8*$!
{
	archiveVersion = 1;
	classes = {
	};
	objectVersion = 46;
	objects = {

/* Begin PBXBuildFile section */
		0BE00F381F448D65006F09FB /* AppDelegate.swift in Sources */ = {isa = PBXBuildFile; fileRef = 0BE00F371F448D65006F09FB /* AppDelegate.swift */; };
		0BE00F3A1F448D65006F09FB /* ViewController.swift in Sources */ = {isa = PBXBuildFile; fileRef = 0BE00F391F448D65006F09FB /* ViewController.swift */; };
		0BE00F3D1F448D65006F09FB /* Main.storyboard in Resources */ = {isa = PBXBuildFile; fileRef = 0BE00F3B1F448D65006F09FB /* Main.storyboard */; };
		0BE00F3F1F448D65006F09FB /* Assets.xcassets in Resources */ = {isa = PBXBuildFile; fileRef = 0BE00F3E1F448D65006F09FB /* Assets.xcassets */; };
		0BE00F421F448D65006F09FB /* LaunchScreen.storyboard in Resources */ = {isa = PBXBuildFile; fileRef = 0BE00F401F448D65006F09FB /* LaunchScreen.storyboard */; };
		0BE00F4D1F448D66006F09FB /* ZLSwiftDemoTests.swift in Sources */ = {isa = PBXBuildFile; fileRef = 0BE00F4C1F448D66006F09FB /* ZLSwiftDemoTests.swift */; };
		0BE00F581F448D66006F09FB /* ZLSwiftDemoUITests.swift in Sources */ = {isa = PBXBuildFile; fileRef = 0BE00F571F448D66006F09FB /* ZLSwiftDemoUITests.swift */; };
		0BE00F691F449273006F09FB /* Commom.swift in Sources */ = {isa = PBXBuildFile; fileRef = 0BE00F681F449273006F09FB /* Commom.swift */; };
		0BE00F6C1F449B3A006F09FB /* ZLSimpleColokViewController.swift in Sources */ = {isa = PBXBuildFile; fileRef = 0BE00F6B1F449B3A006F09FB /* ZLSimpleColokViewController.swift */; };
		0BE00F6F1F449BAB006F09FB /* ZLCustomFontViewController.swift in Sources */ = {isa = PBXBuildFile; fileRef = 0BE00F6E1F449BAB006F09FB /* ZLCustomFontViewController.swift */; };
		0BE00F751F492498006F09FB /* ZLPlayLocalViewViewController.swift in Sources */ = {isa = PBXBuildFile; fileRef = 0BE00F741F492498006F09FB /* ZLPlayLocalViewViewController.swift */; };
		0BE00F771F4925C3006F09FB /* VideoTableViewCell.swift in Sources */ = {isa = PBXBuildFile; fileRef = 0BE00F761F4925C3006F09FB /* VideoTableViewCell.swift */; };
/* End PBXBuildFile section */

/* Begin PBXContainerItemProxy section */
		0BE00F491F448D66006F09FB /* PBXContainerItemProxy */ = {
			isa = PBXContainerItemProxy;
			containerPortal = 0BE00F2C1F448D65006F09FB /* Project object */;
			proxyType = 1;
			remoteGlobalIDString = 0BE00F331F448D65006F09FB;
			remoteInfo = ZLSwiftDemo;
		};
		0BE00F541F448D66006F09FB /* PBXContainerItemProxy */ = {
			isa = PBXContainerItemProxy;
			containerPortal = 0BE00F2C1F448D65006F09FB /* Project object */;
			proxyType = 1;
			remoteGlobalIDString = 0BE00F331F448D65006F09FB;
			remoteInfo = ZLSwiftDemo;
		};
/* End PBXContainerItemProxy section */

/* Begin PBXFileReference section */
		0BE00F341F448D65006F09FB /* ZLSwiftDemo.app */ = {isa = PBXFileReference; explicitFileType = wrapper.application; includeInIndex = 0; path = ZLSwiftDemo.app; sourceTree = BUILT_PRODUCTS_DIR; };
		0BE00F371F448D65006F09FB /* AppDelegate.swift */ = {isa = PBXFileReference; lastKnownFileType = sourcecode.swift; path = AppDelegate.swift; sourceTree = "<group>"; };
		0BE00F391F448D65006F09FB /* ViewController.swift */ = {isa = PBXFileReference; lastKnownFileType = sourcecode.swift; path = ViewController.swift; sourceTree = "<group>"; };
		0BE00F3C1F448D65006F09FB /* Base */ = {isa = PBXFileReference; lastKnownFileType = file.storyboard; name = Base; path = Base.lproj/Main.storyboard; sourceTree = "<group>"; };
		0BE00F3E1F448D65006F09FB /* Assets.xcassets */ = {isa = PBXFileReference; lastKnownFileType = folder.assetcatalog; path = Assets.xcassets; sourceTree = "<group>"; };
		0BE00F411F448D65006F09FB /* Base */ = {isa = PBXFileReference; lastKnownFileType = file.storyboard; name = Base; path = Base.lproj/LaunchScreen.storyboard; sourceTree = "<group>"; };
		0BE00F431F448D65006F09FB /* Info.plist */ = {isa = PBXFileReference; lastKnownFileType = text.plist.xml; path = Info.plist; sourceTree = "<group>"; };
		0BE00F481F448D66006F09FB /* ZLSwiftDemoTests.xctest */ = {isa = PBXFileReference; explicitFileType = wrapper.cfbundle; includeInIndex = 0; path = ZLSwiftDemoTests.xctest; sourceTree = BUILT_PRODUCTS_DIR; };
		0BE00F4C1F448D66006F09FB /* ZLSwiftDemoTests.swift */ = {isa = PBXFileReference; lastKnownFileType = sourcecode.swift; path = ZLSwiftDemoTests.swift; sourceTree = "<group>"; };
		0BE00F4E1F448D66006F09FB /* Info.plist */ = {isa = PBXFileReference; lastKnownFileType = text.plist.xml; path = Info.plist; sourceTree = "<group>"; };
		0BE00F531F448D66006F09FB /* ZLSwiftDemoUITests.xctest */ = {isa = PBXFileReference; explicitFileType = wrapper.cfbundle; includeInIndex = 0; path = ZLSwiftDemoUITests.xctest; sourceTree = BUILT_PRODUCTS_DIR; };
		0BE00F571F448D66006F09FB /* ZLSwiftDemoUITests.swift */ = {isa = PBXFileReference; lastKnownFileType = sourcecode.swift; path = ZLSwiftDemoUITests.swift; sourceTree = "<group>"; };
		0BE00F591F448D66006F09FB /* Info.plist */ = {isa = PBXFileReference; lastKnownFileType = text.plist.xml; path = Info.plist; sourceTree = "<group>"; };
		0BE00F681F449273006F09FB /* Commom.swift */ = {isa = PBXFileReference; fileEncoding = 4; lastKnownFileType = sourcecode.swift; path = Commom.swift; sourceTree = "<group>"; };
		0BE00F6B1F449B3A006F09FB /* ZLSimpleColokViewController.swift */ = {isa = PBXFileReference; fileEncoding = 4; lastKnownFileType = sourcecode.swift; path = ZLSimpleColokViewController.swift; sourceTree = "<group>"; };
		0BE00F6E1F449BAB006F09FB /* ZLCustomFontViewController.swift */ = {isa = PBXFileReference; fileEncoding = 4; lastKnownFileType = sourcecode.swift; path = ZLCustomFontViewController.swift; sourceTree = "<group>"; };
		0BE00F701F449CA6006F09FB /* MFJinHei_Noncommercial-Regular.ttf */ = {isa = PBXFileReference; lastKnownFileType = file; path = "MFJinHei_Noncommercial-Regular.ttf"; sourceTree = "<group>"; };
		0BE00F711F449CA6006F09FB /* MFTongXin_Noncommercial-Regular.ttf */ = {isa = PBXFileReference; lastKnownFileType = file; path = "MFTongXin_Noncommercial-Regular.ttf"; sourceTree = "<group>"; };
		0BE00F721F449CA6006F09FB /* MFZhiHei_Noncommercial-Regular.ttf */ = {isa = PBXFileReference; lastKnownFileType = file; path = "MFZhiHei_Noncommercial-Regular.ttf"; sourceTree = "<group>"; };
		0BE00F741F492498006F09FB /* ZLPlayLocalViewViewController.swift */ = {isa = PBXFileReference; fileEncoding = 4; lastKnownFileType = sourcecode.swift; path = ZLPlayLocalViewViewController.swift; sourceTree = "<group>"; };
		0BE00F761F4925C3006F09FB /* VideoTableViewCell.swift */ = {isa = PBXFileReference; fileEncoding = 4; lastKnownFileType = sourcecode.swift; path = VideoTableViewCell.swift; sourceTree = "<group>"; };
/* End PBXFileReference section */

/* Begin PBXFrameworksBuildPhase section */
		0BE00F311F448D65006F09FB /* Frameworks */ = {
			isa = PBXFrameworksBuildPhase;
			buildActionMask = 2147483647;
			files = (
			);
			runOnlyForDeploymentPostprocessing = 0;
		};
		0BE00F451F448D66006F09FB /* Frameworks */ = {
			isa = PBXFrameworksBuildPhase;
			buildActionMask = 2147483647;
			files = (
			);
			runOnlyForDeploymentPostprocessing = 0;
		};
		0BE00F501F448D66006F09FB /* Frameworks */ = {
			isa = PBXFrameworksBuildPhase;
			buildActionMask = 2147483647;
			files = (
			);
			runOnlyForDeploymentPostprocessing = 0;
		};
/* End PBXFrameworksBuildPhase section */

/* Begin PBXGroup section */
		0BE00F2B1F448D65006F09FB = {
			isa = PBXGroup;
			children = (
				0BE00F361F448D65006F09FB /* ZLSwiftDemo */,
				0BE00F4B1F448D66006F09FB /* ZLSwiftDemoTests */,
				0BE00F561F448D66006F09FB /* ZLSwiftDemoUITests */,
				0BE00F351F448D65006F09FB /* Products */,
			);
			sourceTree = "<group>";
		};
		0BE00F351F448D65006F09FB /* Products */ = {
			isa = PBXGroup;
			children = (
				0BE00F341F448D65006F09FB /* ZLSwiftDemo.app */,
				0BE00F481F448D66006F09FB /* ZLSwiftDemoTests.xctest */,
				0BE00F531F448D66006F09FB /* ZLSwiftDemoUITests.xctest */,
			);
			name = Products;
			sourceTree = "<group>";
		};
		0BE00F361F448D65006F09FB /* ZLSwiftDemo */ = {
			isa = PBXGroup;
			children = (
				0BE00F371F448D65006F09FB /* AppDelegate.swift */,
				0BE00F391F448D65006F09FB /* ViewController.swift */,
				0BE00F3B1F448D65006F09FB /* Main.storyboard */,
				0BE00F731F49247D006F09FB /* PlayLocalVideo */,
				0BE00F6D1F449B92006F09FB /* CustomFont */,
				0BE00F6A1F449B3A006F09FB /* SimpleClock */,
				0BE00F3E1F448D65006F09FB /* Assets.xcassets */,
				0BE00F401F448D65006F09FB /* LaunchScreen.storyboard */,
				0BE00F431F448D65006F09FB /* Info.plist */,
				0BE00F681F449273006F09FB /* Commom.swift */,
			);
			path = ZLSwiftDemo;
			sourceTree = "<group>";
		};
		0BE00F4B1F448D66006F09FB /* ZLSwiftDemoTests */ = {
			isa = PBXGroup;
			children = (
				0BE00F4C1F448D66006F09FB /* ZLSwiftDemoTests.swift */,
				0BE00F4E1F448D66006F09FB /* Info.plist */,
			);
			path = ZLSwiftDemoTests;
			sourceTree = "<group>";
		};
		0BE00F561F448D66006F09FB /* ZLSwiftDemoUITests */ = {
			isa = PBXGroup;
			children = (
				0BE00F571F448D66006F09FB /* ZLSwiftDemoUITests.swift */,
				0BE00F591F448D66006F09FB /* Info.plist */,
			);
			path = ZLSwiftDemoUITests;
			sourceTree = "<group>";
		};
		0BE00F6A1F449B3A006F09FB /* SimpleClock */ = {
			isa = PBXGroup;
			children = (
				0BE00F6B1F449B3A006F09FB /* ZLSimpleColokViewController.swift */,
			);
			path = SimpleClock;
			sourceTree = "<group>";
		};
		0BE00F6D1F449B92006F09FB /* CustomFont */ = {
			isa = PBXGroup;
			children = (
				0BE00F701F449CA6006F09FB /* MFJinHei_Noncommercial-Regular.ttf */,
				0BE00F711F449CA6006F09FB /* MFTongXin_Noncommercial-Regular.ttf */,
				0BE00F721F449CA6006F09FB /* MFZhiHei_Noncommercial-Regular.ttf */,
				0BE00F6E1F449BAB006F09FB /* ZLCustomFontViewController.swift */,
			);
			path = CustomFont;
			sourceTree = "<group>";
		};
		0BE00F731F49247D006F09FB /* PlayLocalVideo */ = {
			isa = PBXGroup;
			children = (
				0BE00F741F492498006F09FB /* ZLPlayLocalViewViewController.swift */,
				0BE00F761F4925C3006F09FB /* VideoTableViewCell.swift */,
			);
			path = PlayLocalVideo;
			sourceTree = "<group>";
		};
/* End PBXGroup section */

/* Begin PBXNativeTarget section */
		0BE00F331F448D65006F09FB /* ZLSwiftDemo */ = {
			isa = PBXNativeTarget;
			buildConfigurationList = 0BE00F5C1F448D66006F09FB /* Build configuration list for PBXNativeTarget "ZLSwiftDemo" */;
			buildPhases = (
				0BE00F301F448D65006F09FB /* Sources */,
				0BE00F311F448D65006F09FB /* Frameworks */,
				0BE00F321F448D65006F09FB /* Resources */,
			);
			buildRules = (
			);
			dependencies = (
			);
			name = ZLSwiftDemo;
			productName = ZLSwiftDemo;
			productReference = 0BE00F341F448D65006F09FB /* ZLSwiftDemo.app */;
			productType = "com.apple.product-type.application";
		};
		0BE00F471F448D66006F09FB /* ZLSwiftDemoTests */ = {
			isa = PBXNativeTarget;
			buildConfigurationList = 0BE00F5F1F448D66006F09FB /* Build configuration list for PBXNativeTarget "ZLSwiftDemoTests" */;
			buildPhases = (
				0BE00F441F448D66006F09FB /* Sources */,
				0BE00F451F448D66006F09FB /* Frameworks */,
				0BE00F461F448D66006F09FB /* Resources */,
			);
			buildRules = (
			);
			dependencies = (
				0BE00F4A1F448D66006F09FB /* PBXTargetDependency */,
			);
			name = ZLSwiftDemoTests;
			productName = ZLSwiftDemoTests;
			productReference = 0BE00F481F448D66006F09FB /* ZLSwiftDemoTests.xctest */;
			productType = "com.apple.product-type.bundle.unit-test";
		};
		0BE00F521F448D66006F09FB /* ZLSwiftDemoUITests */ = {
			isa = PBXNativeTarget;
			buildConfigurationList = 0BE00F621F448D66006F09FB /* Build configuration list for PBXNativeTarget "ZLSwiftDemoUITests" */;
			buildPhases = (
				0BE00F4F1F448D66006F09FB /* Sources */,
				0BE00F501F448D66006F09FB /* Frameworks */,
				0BE00F511F448D66006F09FB /* Resources */,
			);
			buildRules = (
			);
			dependencies = (
				0BE00F551F448D66006F09FB /* PBXTargetDependency */,
			);
			name = ZLSwiftDemoUITests;
			productName = ZLSwiftDemoUITests;
			productReference = 0BE00F531F448D66006F09FB /* ZLSwiftDemoUITests.xctest */;
			productType = "com.apple.product-type.bundle.ui-testing";
		};
/* End PBXNativeTarget section */

/* Begin PBXProject section */
		0BE00F2C1F448D65006F09FB /* Project object */ = {
			isa = PBXProject;
			attributes = {
				LastSwiftUpdateCheck = 0830;
				LastUpgradeCheck = 0830;
				ORGANIZATIONNAME = ZL;
				TargetAttributes = {
					0BE00F331F448D65006F09FB = {
						CreatedOnToolsVersion = 8.3.2;
						DevelopmentTeam = FR6ZL3F5G8;
						ProvisioningStyle = Automatic;
					};
					0BE00F471F448D66006F09FB = {
						CreatedOnToolsVersion = 8.3.2;
						DevelopmentTeam = FR6ZL3F5G8;
						ProvisioningStyle = Automatic;
						TestTargetID = 0BE00F331F448D65006F09FB;
					};
					0BE00F521F448D66006F09FB = {
						CreatedOnToolsVersion = 8.3.2;
						DevelopmentTeam = FR6ZL3F5G8;
						ProvisioningStyle = Automatic;
						TestTargetID = 0BE00F331F448D65006F09FB;
					};
				};
			};
			buildConfigurationList = 0BE00F2F1F448D65006F09FB /* Build configuration list for PBXProject "ZLSwiftDemo" */;
			compatibilityVersion = "Xcode 3.2";
			developmentRegion = English;
			hasScannedForEncodings = 0;
			knownRegions = (
				en,
				Base,
			);
			mainGroup = 0BE00F2B1F448D65006F09FB;
			productRefGroup = 0BE00F351F448D65006F09FB /* Products */;
			projectDirPath = "";
			projectRoot = "";
			targets = (
				0BE00F331F448D65006F09FB /* ZLSwiftDemo */,
				0BE00F471F448D66006F09FB /* ZLSwiftDemoTests */,
				0BE00F521F448D66006F09FB /* ZLSwiftDemoUITests */,
			);
		};
/* End PBXProject section */

/* Begin PBXResourcesBuildPhase section */
		0BE00F321F448D65006F09FB /* Resources */ = {
			isa = PBXResourcesBuildPhase;
			buildActionMask = 2147483647;
			files = (
				0BE00F421F448D65006F09FB /* LaunchScreen.storyboard in Resources */,
				0BE00F3F1F448D65006F09FB /* Assets.xcassets in Resources */,
				0BE00F3D1F448D65006F09FB /* Main.storyboard in Resources */,
			);
			runOnlyForDeploymentPostprocessing = 0;
		};
		0BE00F461F448D66006F09FB /* Resources */ = {
			isa = PBXResourcesBuildPhase;
			buildActionMask = 2147483647;
			files = (
			);
			runOnlyForDeploymentPostprocessing = 0;
		};
		0BE00F511F448D66006F09FB /* Resources */ = {
			isa = PBXResourcesBuildPhase;
			buildActionMask = 2147483647;
			files = (
			);
			runOnlyForDeploymentPostprocessing = 0;
		};
/* End PBXResourcesBuildPhase section */

/* Begin PBXSourcesBuildPhase section */
		0BE00F301F448D65006F09FB /* Sources */ = {
			isa = PBXSourcesBuildPhase;
			buildActionMask = 2147483647;
			files = (
				0BE00F3A1F448D65006F09FB /* ViewController.swift in Sources */,
				0BE00F6C1F449B3A006F09FB /* ZLSimpleColokViewController.swift in Sources */,
				0BE00F771F4925C3006F09FB /* VideoTableViewCell.swift in Sources */,
				0BE00F381F448D65006F09FB /* AppDelegate.swift in Sources */,
				0BE00F691F449273006F09FB /* Commom.swift in Sources */,
				0BE00F6F1F449BAB006F09FB /* ZLCustomFontViewController.swift in Sources */,
				0BE00F751F492498006F09FB /* ZLPlayLocalViewViewController.swift in Sources */,
			);
			runOnlyForDeploymentPostprocessing = 0;
		};
		0BE00F441F448D66006F09FB /* Sources */ = {
			isa = PBXSourcesBuildPhase;
			buildActionMask = 2147483647;
			files = (
				0BE00F4D1F448D66006F09FB /* ZLSwiftDemoTests.swift in Sources */,
			);
			runOnlyForDeploymentPostprocessing = 0;
		};
		0BE00F4F1F448D66006F09FB /* Sources */ = {
			isa = PBXSourcesBuildPhase;
			buildActionMask = 2147483647;
			files = (
				0BE00F581F448D66006F09FB /* ZLSwiftDemoUITests.swift in Sources */,
			);
			runOnlyForDeploymentPostprocessing = 0;
		};
/* End PBXSourcesBuildPhase section */

/* Begin PBXTargetDependency section */
		0BE00F4A1F448D66006F09FB /* PBXTargetDependency */ = {
			isa = PBXTargetDependency;
			target = 0BE00F331F448D65006F09FB /* ZLSwiftDemo */;
			targetProxy = 0BE00F491F448D66006F09FB /* PBXContainerItemProxy */;
		};
		0BE00F551F448D66006F09FB /* PBXTargetDependency */ = {
			isa = PBXTargetDependency;
			target = 0BE00F331F448D65006F09FB /* ZLSwiftDemo */;
			targetProxy = 0BE00F541F448D66006F09FB /* PBXContainerItemProxy */;
		};
/* End PBXTargetDependency section */

/* Begin PBXVariantGroup section */
		0BE00F3B1F448D65006F09FB /* Main.storyboard */ = {
			isa = PBXVariantGroup;
			children = (
				0BE00F3C1F448D65006F09FB /* Base */,
			);
			name = Main.storyboard;
			sourceTree = "<group>";
		};
		0BE00F401F448D65006F09FB /* LaunchScreen.storyboard */ = {
			isa = PBXVariantGroup;
			children = (
				0BE00F411F448D65006F09FB /* Base */,
			);
			name = LaunchScreen.storyboard;
			sourceTree = "<group>";
		};
/* End PBXVariantGroup section */

/* Begin XCBuildConfiguration section */
		0BE00F5A1F448D66006F09FB /* Debug */ = {
			isa = XCBuildConfiguration;
			buildSettings = {
				ALWAYS_SEARCH_USER_PATHS = NO;
				CLANG_ANALYZER_NONNULL = YES;
				CLANG_ANALYZER_NUMBER_OBJECT_CONVERSION = YES_AGGRESSIVE;
				CLANG_CXX_LANGUAGE_STANDARD = "gnu++0x";
				CLANG_CXX_LIBRARY = "libc++";
				CLANG_ENABLE_MODULES = YES;
				CLANG_ENABLE_OBJC_ARC = YES;
				CLANG_WARN_BOOL_CONVERSION = YES;
				CLANG_WARN_CONSTANT_CONVERSION = YES;
				CLANG_WARN_DIRECT_OBJC_ISA_USAGE = YES_ERROR;
				CLANG_WARN_DOCUMENTATION_COMMENTS = YES;
				CLANG_WARN_EMPTY_BODY = YES;
				CLANG_WARN_ENUM_CONVERSION = YES;
				CLANG_WARN_INFINITE_RECURSION = YES;
				CLANG_WARN_INT_CONVERSION = YES;
				CLANG_WARN_OBJC_ROOT_CLASS = YES_ERROR;
				CLANG_WARN_SUSPICIOUS_MOVE = YES;
				CLANG_WARN_UNREACHABLE_CODE = YES;
				CLANG_WARN__DUPLICATE_METHOD_MATCH = YES;
				"CODE_SIGN_IDENTITY[sdk=iphoneos*]" = "iPhone Developer";
				COPY_PHASE_STRIP = NO;
				DEBUG_INFORMATION_FORMAT = dwarf;
				ENABLE_STRICT_OBJC_MSGSEND = YES;
				ENABLE_TESTABILITY = YES;
				GCC_C_LANGUAGE_STANDARD = gnu99;
				GCC_DYNAMIC_NO_PIC = NO;
				GCC_NO_COMMON_BLOCKS = YES;
				GCC_OPTIMIZATION_LEVEL = 0;
				GCC_PREPROCESSOR_DEFINITIONS = (
					"DEBUG=1",
					"$(inherited)",
				);
				GCC_WARN_64_TO_32_BIT_CONVERSION = YES;
				GCC_WARN_ABOUT_RETURN_TYPE = YES_ERROR;
				GCC_WARN_UNDECLARED_SELECTOR = YES;
				GCC_WARN_UNINITIALIZED_AUTOS = YES_AGGRESSIVE;
				GCC_WARN_UNUSED_FUNCTION = YES;
				GCC_WARN_UNUSED_VARIABLE = YES;
				IPHONEOS_DEPLOYMENT_TARGET = 10.3;
				MTL_ENABLE_DEBUG_INFO = YES;
				ONLY_ACTIVE_ARCH = YES;
				SDKROOT = iphoneos;
				SWIFT_ACTIVE_COMPILATION_CONDITIONS = DEBUG;
				SWIFT_OPTIMIZATION_LEVEL = "-Onone";
				TARGETED_DEVICE_FAMILY = "1,2";
			};
			name = Debug;
		};
		0BE00F5B1F448D66006F09FB /* Release */ = {
			isa = XCBuildConfiguration;
			buildSettings = {
				ALWAYS_SEARCH_USER_PATHS = NO;
				CLANG_ANALYZER_NONNULL = YES;
				CLANG_ANALYZER_NUMBER_OBJECT_CONVERSION = YES_AGGRESSIVE;
				CLANG_CXX_LANGUAGE_STANDARD = "gnu++0x";
				CLANG_CXX_LIBRARY = "libc++";
				CLANG_ENABLE_MODULES = YES;
				CLANG_ENABLE_OBJC_ARC = YES;
				CLANG_WARN_BOOL_CONVERSION = YES;
				CLANG_WARN_CONSTANT_CONVERSION = YES;
				CLANG_WARN_DIRECT_OBJC_ISA_USAGE = YES_ERROR;
				CLANG_WARN_DOCUMENTATION_COMMENTS = YES;
				CLANG_WARN_EMPTY_BODY = YES;
				CLANG_WARN_ENUM_CONVERSION = YES;
				CLANG_WARN_INFINITE_RECURSION = YES;
				CLANG_WARN_INT_CONVERSION = YES;
				CLANG_WARN_OBJC_ROOT_CLASS = YES_ERROR;
				CLANG_WARN_SUSPICIOUS_MOVE = YES;
				CLANG_WARN_UNREACHABLE_CODE = YES;
				CLANG_WARN__DUPLICATE_METHOD_MATCH = YES;
				"CODE_SIGN_IDENTITY[sdk=iphoneos*]" = "iPhone Developer";
				COPY_PHASE_STRIP = NO;
				DEBUG_INFORMATION_FORMAT = "dwarf-with-dsym";
				ENABLE_NS_ASSERTIONS = NO;
				ENABLE_STRICT_OBJC_MSGSEND = YES;
				GCC_C_LANGUAGE_STANDARD = gnu99;
				GCC_NO_COMMON_BLOCKS = YES;
				GCC_WARN_64_TO_32_BIT_CONVERSION = YES;
				GCC_WARN_ABOUT_RETURN_TYPE = YES_ERROR;
				GCC_WARN_UNDECLARED_SELECTOR = YES;
				GCC_WARN_UNINITIALIZED_AUTOS = YES_AGGRESSIVE;
				GCC_WARN_UNUSED_FUNCTION = YES;
				GCC_WARN_UNUSED_VARIABLE = YES;
				IPHONEOS_DEPLOYMENT_TARGET = 10.3;
				MTL_ENABLE_DEBUG_INFO = NO;
				SDKROOT = iphoneos;
				SWIFT_OPTIMIZATION_LEVEL = "-Owholemodule";
				TARGETED_DEVICE_FAMILY = "1,2";
				VALIDATE_PRODUCT = YES;
			};
			name = Release;
		};
		0BE00F5D1F448D66006F09FB /* Debug */ = {
			isa = XCBuildConfiguration;
			buildSettings = {
				ASSETCATALOG_COMPILER_APPICON_NAME = AppIcon;
				DEVELOPMENT_TEAM = FR6ZL3F5G8;
				INFOPLIST_FILE = ZLSwiftDemo/Info.plist;
				LD_RUNPATH_SEARCH_PATHS = "$(inherited) @executable_path/Frameworks";
				PRODUCT_BUNDLE_IDENTIFIER = ZL.inc.ZLSwiftDemo;
				PRODUCT_NAME = "$(TARGET_NAME)";
				SWIFT_VERSION = 3.0;
			};
			name = Debug;
		};
		0BE00F5E1F448D66006F09FB /* Release */ = {
			isa = XCBuildConfiguration;
			buildSettings = {
				ASSETCATALOG_COMPILER_APPICON_NAME = AppIcon;
				DEVELOPMENT_TEAM = FR6ZL3F5G8;
				INFOPLIST_FILE = ZLSwiftDemo/Info.plist;
				LD_RUNPATH_SEARCH_PATHS = "$(inherited) @executable_path/Frameworks";
				PRODUCT_BUNDLE_IDENTIFIER = ZL.inc.ZLSwiftDemo;
				PRODUCT_NAME = "$(TARGET_NAME)";
				SWIFT_VERSION = 3.0;
			};
			name = Release;
		};
		0BE00F601F448D66006F09FB /* Debug */ = {
			isa = XCBuildConfiguration;
			buildSettings = {
				ALWAYS_EMBED_SWIFT_STANDARD_LIBRARIES = YES;
				BUNDLE_LOADER = "$(TEST_HOST)";
				DEVELOPMENT_TEAM = FR6ZL3F5G8;
				INFOPLIST_FILE = ZLSwiftDemoTests/Info.plist;
				LD_RUNPATH_SEARCH_PATHS = "$(inherited) @executable_path/Frameworks @loader_path/Frameworks";
				PRODUCT_BUNDLE_IDENTIFIER = ZL.inc.ZLSwiftDemoTests;
				PRODUCT_NAME = "$(TARGET_NAME)";
				SWIFT_VERSION = 3.0;
				TEST_HOST = "$(BUILT_PRODUCTS_DIR)/ZLSwiftDemo.app/ZLSwiftDemo";
			};
			name = Debug;
		};
		0BE00F611F448D66006F09FB /* Release */ = {
			isa = XCBuildConfiguration;
			buildSettings = {
				ALWAYS_EMBED_SWIFT_STANDARD_LIBRARIES = YES;
				BUNDLE_LOADER = "$(TEST_HOST)";
				DEVELOPMENT_TEAM = FR6ZL3F5G8;
				INFOPLIST_FILE = ZLSwiftDemoTests/Info.plist;
				LD_RUNPATH_SEARCH_PATHS = "$(inherited) @executable_path/Frameworks @loader_path/Frameworks";
				PRODUCT_BUNDLE_IDENTIFIER = ZL.inc.ZLSwiftDemoTests;
				PRODUCT_NAME = "$(TARGET_NAME)";
				SWIFT_VERSION = 3.0;
				TEST_HOST = "$(BUILT_PRODUCTS_DIR)/ZLSwiftDemo.app/ZLSwiftDemo";
			};
			name = Release;
		};
		0BE00F631F448D66006F09FB /* Debug */ = {
			isa = XCBuildConfiguration;
			buildSettings = {
				ALWAYS_EMBED_SWIFT_STANDARD_LIBRARIES = YES;
				DEVELOPMENT_TEAM = FR6ZL3F5G8;
				INFOPLIST_FILE = ZLSwiftDemoUITests/Info.plist;
				LD_RUNPATH_SEARCH_PATHS = "$(inherited) @executable_path/Frameworks @loader_path/Frameworks";
				PRODUCT_BUNDLE_IDENTIFIER = ZL.inc.ZLSwiftDemoUITests;
				PRODUCT_NAME = "$(TARGET_NAME)";
				SWIFT_VERSION = 3.0;
				TEST_TARGET_NAME = ZLSwiftDemo;
			};
			name = Debug;
		};
		0BE00F641F448D66006F09FB /* Release */ = {
			isa = XCBuildConfiguration;
			buildSettings = {
				ALWAYS_EMBED_SWIFT_STANDARD_LIBRARIES = YES;
				DEVELOPMENT_TEAM = FR6ZL3F5G8;
				INFOPLIST_FILE = ZLSwiftDemoUITests/Info.plist;
				LD_RUNPATH_SEARCH_PATHS = "$(inherited) @executable_path/Frameworks @loader_path/Frameworks";
				PRODUCT_BUNDLE_IDENTIFIER = ZL.inc.ZLSwiftDemoUITests;
				PRODUCT_NAME = "$(TARGET_NAME)";
				SWIFT_VERSION = 3.0;
				TEST_TARGET_NAME = ZLSwiftDemo;
			};
			name = Release;
		};
/* End XCBuildConfiguration section */

/* Begin XCConfigurationList section */
		0BE00F2F1F448D65006F09FB /* Build configuration list for PBXProject "ZLSwiftDemo" */ = {
			isa = XCConfigurationList;
			buildConfigurations = (
				0BE00F5A1F448D66006F09FB /* Debug */,
				0BE00F5B1F448D66006F09FB /* Release */,
			);
			defaultConfigurationIsVisible = 0;
			defaultConfigurationName = Release;
		};
		0BE00F5C1F448D66006F09FB /* Build configuration list for PBXNativeTarget "ZLSwiftDemo" */ = {
			isa = XCConfigurationList;
			buildConfigurations = (
				0BE00F5D1F448D66006F09FB /* Debug */,
				0BE00F5E1F448D66006F09FB /* Release */,
			);
			defaultConfigurationIsVisible = 0;
			defaultConfigurationName = Release;
		};
		0BE00F5F1F448D66006F09FB /* Build configuration list for PBXNativeTarget "ZLSwiftDemoTests" */ = {
			isa = XCConfigurationList;
			buildConfigurations = (
				0BE00F601F448D66006F09FB /* Debug */,
				0BE00F611F448D66006F09FB /* Release */,
			);
			defaultConfigurationIsVisible = 0;
			defaultConfigurationName = Release;
		};
		0BE00F621F448D66006F09FB /* Build configuration list for PBXNativeTarget "ZLSwiftDemoUITests" */ = {
			isa = XCConfigurationList;
			buildConfigurations = (
				0BE00F631F448D66006F09FB /* Debug */,
				0BE00F641F448D66006F09FB /* Release */,
			);
			defaultConfigurationIsVisible = 0;
			defaultConfigurationName = Release;
		};
/* End XCConfigurationList section */
	};
	rootObject = 0BE00F2C1F448D65006F09FB /* Project object */;
}
